Microsoft Visual Studio Solution File, Format Version 12.00
# Visual Studio Version 16
VisualStudioVersion = 16.0.0.0
MinimumVisualStudioVersion = 16.0.0.0
Project("{9A19103F-16F7-4668-BE54-9A1E7A4F7556}") = "Hum.Server", "Server\Hum.Server.csproj", "{D3452025-28F0-4C40-B096-1223FD4F097C}"
EndProject
Project("{9A19103F-16F7-4668-BE54-9A1E7A4F7556}") = "Hum.Client", "Client\Hum.Client.csproj", "{F0876DD9-12AC-44B1-90F4-2802D1BECA62}"
EndProject
Project("{9A19103F-16F7-4668-BE54-9A1E7A4F7556}") = "Hum.Shared", "Shared\Hum.Shared.csproj", "{CC39D39D-D35D-4CF4-8667-74870103CDD7}"
EndProject
Project("{9A19103F-16F7-4668-BE54-9A1E7A4F7556}") = "Hum.Tests", "Tests\Hum.Tests.csproj", "{A1B2C3D4-E5F6-7890-ABCD-EF1234567890}"
EndProject
Global
	GlobalSection(SolutionConfigurationPlatforms) = preSolution
		Debug|Any CPU = Debug|Any CPU
		Debug|x64 = Debug|x64
		Debug|x86 = Debug|x86
		Release|Any CPU = Release|Any CPU
		Release|x64 = Release|x64
		Release|x86 = Release|x86
	EndGlobalSection
	GlobalSection(ProjectConfigurationPlatforms) = postSolution
		{F0876DD9-12AC-44B1-90F4-2802D1BECA62}.Debug|Any CPU.ActiveCfg = Debug|Any CPU
		{F0876DD9-12AC-44B1-90F4-2802D1BECA62}.Debug|Any CPU.Build.0 = Debug|Any CPU
		{F0876DD9-12AC-44B1-90F4-2802D1BECA62}.Debug|x64.ActiveCfg = Debug|Any CPU
		{F0876DD9-12AC-44B1-90F4-2802D1BECA62}.Debug|x64.Build.0 = Debug|Any CPU
		{F0876DD9-12AC-44B1-90F4-2802D1BECA62}.Debug|x86.ActiveCfg = Debug|Any CPU
		{F0876DD9-12AC-44B1-90F4-2802D1BECA62}.Debug|x86.Build.0 = Debug|Any CPU
		{F0876DD9-12AC-44B1-90F4-2802D1BECA62}.Release|Any CPU.ActiveCfg = Release|Any CPU
		{F0876DD9-12AC-44B1-90F4-2802D1BECA62}.Release|Any CPU.Build.0 = Release|Any CPU
		{F0876DD9-12AC-44B1-90F4-2802D1BECA62}.Release|x64.ActiveCfg = Release|Any CPU
		{F0876DD9-12AC-44B1-90F4-2802D1BECA62}.Release|x64.Build.0 = Release|Any CPU
		{F0876DD9-12AC-44B1-90F4-2802D1BECA62}.Release|x86.ActiveCfg = Release|Any CPU
		{F0876DD9-12AC-44B1-90F4-2802D1BECA62}.Release|x86.Build.0 = Release|Any CPU
		{D3452025-28F0-4C40-B096-1223FD4F097C}.Debug|Any CPU.ActiveCfg = Debug|Any CPU
		{D3452025-28F0-4C40-B096-1223FD4F097C}.Debug|Any CPU.Build.0 = Debug|Any CPU
		{D3452025-28F0-4C40-B096-1223FD4F097C}.Debug|x64.ActiveCfg = Debug|Any CPU
		{D3452025-28F0-4C40-B096-1223FD4F097C}.Debug|x64.Build.0 = Debug|Any CPU
		{D3452025-28F0-4C40-B096-1223FD4F097C}.Debug|x86.ActiveCfg = Debug|Any CPU
		{D3452025-28F0-4C40-B096-1223FD4F097C}.Debug|x86.Build.0 = Debug|Any CPU
		{D3452025-28F0-4C40-B096-1223FD4F097C}.Release|Any CPU.ActiveCfg = Release|Any CPU
		{D3452025-28F0-4C40-B096-1223FD4F097C}.Release|Any CPU.Build.0 = Release|Any CPU
		{D3452025-28F0-4C40-B096-1223FD4F097C}.Release|x64.ActiveCfg = Release|Any CPU
		{D3452025-28F0-4C40-B096-1223FD4F097C}.Release|x64.Build.0 = Release|Any CPU
		{D3452025-28F0-4C40-B096-1223FD4F097C}.Release|x86.ActiveCfg = Release|Any CPU
		{D3452025-28F0-4C40-B096-1223FD4F097C}.Release|x86.Build.0 = Release|Any CPU
		{CC39D39D-D35D-4CF4-8667-74870103CDD7}.Debug|Any CPU.ActiveCfg = Debug|Any CPU
		{CC39D39D-D35D-4CF4-8667-74870103CDD7}.Debug|Any CPU.Build.0 = Debug|Any CPU
		{CC39D39D-D35D-4CF4-8667-74870103CDD7}.Debug|x64.ActiveCfg = Debug|Any CPU
		{CC39D39D-D35D-4CF4-8667-74870103CDD7}.Debug|x64.Build.0 = Debug|Any CPU
		{CC39D39D-D35D-4CF4-8667-74870103CDD7}.Debug|x86.ActiveCfg = Debug|Any CPU
		{CC39D39D-D35D-4CF4-8667-74870103CDD7}.Debug|x86.Build.0 = Debug|Any CPU
		{CC39D39D-D35D-4CF4-8667-74870103CDD7}.Release|Any CPU.ActiveCfg = Release|Any CPU
		{CC39D39D-D35D-4CF4-8667-74870103CDD7}.Release|Any CPU.Build.0 = Release|Any CPU
		{CC39D39D-D35D-4CF4-8667-74870103CDD7}.Release|x64.ActiveCfg = Release|Any CPU
		{CC39D39D-D35D-4CF4-8667-74870103CDD7}.Release|x64.Build.0 = Release|Any CPU
		{CC39D39D-D35D-4CF4-8667-74870103CDD7}.Release|x86.ActiveCfg = Release|Any CPU
		{CC39D39D-D35D-4CF4-8667-74870103CDD7}.Release|x86.Build.0 = Release|Any CPU
		{A1B2C3D4-E5F6-7890-ABCD-EF1234567890}.Debug|Any CPU.ActiveCfg = Debug|Any CPU
		{A1B2C3D4-E5F6-7890-ABCD-EF1234567890}.Debug|Any CPU.Build.0 = Debug|Any CPU
		{A1B2C3D4-E5F6-7890-ABCD-EF1234567890}.Release|Any CPU.ActiveCfg = Release|Any CPU
		{A1B2C3D4-E5F6-7890-ABCD-EF1234567890}.Release|Any CPU.Build.0 = Release|Any CPU
	EndGlobalSection
	GlobalSection(SolutionProperties) = preSolution
		HideSolutionNode = FALSE
	EndGlobalSection
	GlobalSection(ExtensibilityGlobals) = postSolution
		SolutionGuid = {EDD4F39B-0367-4647-AC07-A6BA376C5892}
	EndGlobalSection
EndGlobal
